
Microsoft Visual Studio Solution File, Format Version 12.00
# Visual Studio Version 17
VisualStudioVersion = 17.7.34221.43
MinimumVisualStudioVersion = 10.0.40219.1
Project("{FAE04EC0-301F-11D3-BF4B-00C04F79EFBC}") = "KolekcjonerstwoWS", "KolekcjonerstwoWS\KolekcjonerstwoWS.csproj", "{8888E81C-5AB6-4CDA-B835-11BA06E0C129}"
EndProject
Global
	GlobalSection(SolutionConfigurationPlatforms) = preSolution
		Debug|Any CPU = Debug|Any CPU
		Release|Any CPU = Release|Any CPU
	EndGlobalSection
	GlobalSection(ProjectConfigurationPlatforms) = postSolution
		{8888E81C-5AB6-4CDA-B835-11BA06E0C129}.Debug|Any CPU.ActiveCfg = Debug|Any CPU
		{8888E81C-5AB6-4CDA-B835-11BA06E0C129}.Debug|Any CPU.Build.0 = Debug|Any CPU
		{8888E81C-5AB6-4CDA-B835-11BA06E0C129}.Debug|Any CPU.Deploy.0 = Debug|Any CPU
		{8888E81C-5AB6-4CDA-B835-11BA06E0C129}.Release|Any CPU.ActiveCfg = Release|Any CPU
		{8888E81C-5AB6-4CDA-B835-11BA06E0C129}.Release|Any CPU.Build.0 = Release|Any CPU
		{8888E81C-5AB6-4CDA-B835-11BA06E0C129}.Release|Any CPU.Deploy.0 = Release|Any CPU
	EndGlobalSection
	GlobalSection(SolutionProperties) = preSolution
		HideSolutionNode = FALSE
	EndGlobalSection
	GlobalSection(ExtensibilityGlobals) = postSolution
		SolutionGuid = {DC20507E-C9AB-4CC8-A2A2-BD7FD5B771F9}
	EndGlobalSection
EndGlobal
